// !$*UTF8*$!
{
	archiveVersion = 1;
	classes = {
	};
	objectVersion = 46;
	objects = {

/* Begin PBXBuildFile section */
		6C6BD0B91C11326E0013925E /* main.m in Sources */ = {isa = PBXBuildFile; fileRef = 6C6BD0B81C11326E0013925E /* main.m */; };
		6C6BD0BC1C11326E0013925E /* AppDelegate.m in Sources */ = {isa = PBXBuildFile; fileRef = 6C6BD0BB1C11326E0013925E /* AppDelegate.m */; };
		6C6BD0BF1C11326E0013925E /* ViewController.m in Sources */ = {isa = PBXBuildFile; fileRef = 6C6BD0BE1C11326E0013925E /* ViewController.m */; };
		6C6BD0C21C11326E0013925E /* Main.storyboard in Resources */ = {isa = PBXBuildFile; fileRef = 6C6BD0C01C11326E0013925E /* Main.storyboard */; };
		6C6BD0C41C11326E0013925E /* Assets.xcassets in Resources */ = {isa = PBXBuildFile; fileRef = 6C6BD0C31C11326E0013925E /* Assets.xcassets */; };
		6C6BD0C71C11326E0013925E /* LaunchScreen.storyboard in Resources */ = {isa = PBXBuildFile; fileRef = 6C6BD0C51C11326E0013925E /* LaunchScreen.storyboard */; };
		6C6BD0D21C11326E0013925E /* UIDynamic_in_QZoneTests.m in Sources */ = {isa = PBXBuildFile; fileRef = 6C6BD0D11C11326E0013925E /* UIDynamic_in_QZoneTests.m */; };
		6C6BD0DD1C11326E0013925E /* UIDynamic_in_QZoneUITests.m in Sources */ = {isa = PBXBuildFile; fileRef = 6C6BD0DC1C11326E0013925E /* UIDynamic_in_QZoneUITests.m */; };
/* End PBXBuildFile section */

/* Begin PBXContainerItemProxy section */
		6C6BD0CE1C11326E0013925E /* PBXContainerItemProxy */ = {
			isa = PBXContainerItemProxy;
			containerPortal = 6C6BD0AC1C11326E0013925E /* Project object */;
			proxyType = 1;
			remoteGlobalIDString = 6C6BD0B31C11326E0013925E;
			remoteInfo = "UIDynamic-in-QZone";
		};
		6C6BD0D91C11326E0013925E /* PBXContainerItemProxy */ = {
			isa = PBXContainerItemProxy;
			containerPortal = 6C6BD0AC1C11326E0013925E /* Project object */;
			proxyType = 1;
			remoteGlobalIDString = 6C6BD0B31C11326E0013925E;
			remoteInfo = "UIDynamic-in-QZone";
		};
/* End PBXContainerItemProxy section */

/* Begin PBXFileReference section */
		6C6BD0B41C11326E0013925E /* UIDynamic-in-QZone.app */ = {isa = PBXFileReference; explicitFileType = wrapper.application; includeInIndex = 0; path = "UIDynamic-in-QZone.app"; sourceTree = BUILT_PRODUCTS_DIR; };
		6C6BD0B81C11326E0013925E /* main.m */ = {isa = PBXFileReference; lastKnownFileType = sourcecode.c.objc; path = main.m; sourceTree = "<group>"; };
		6C6BD0BA1C11326E0013925E /* AppDelegate.h */ = {isa = PBXFileReference; lastKnownFileType = sourcecode.c.h; path = AppDelegate.h; sourceTree = "<group>"; };
		6C6BD0BB1C11326E0013925E /* AppDelegate.m */ = {isa = PBXFileReference; lastKnownFileType = sourcecode.c.objc; path = AppDelegate.m; sourceTree = "<group>"; };
		6C6BD0BD1C11326E0013925E /* ViewController.h */ = {isa = PBXFileReference; lastKnownFileType = sourcecode.c.h; path = ViewController.h; sourceTree = "<group>"; };
		6C6BD0BE1C11326E0013925E /* ViewController.m */ = {isa = PBXFileReference; lastKnownFileType = sourcecode.c.objc; path = ViewController.m; sourceTree = "<group>"; };
		6C6BD0C11C11326E0013925E /* Base */ = {isa = PBXFileReference; lastKnownFileType = file.storyboard; name = Base; path = Base.lproj/Main.storyboard; sourceTree = "<group>"; };
		6C6BD0C31C11326E0013925E /* Assets.xcassets */ = {isa = PBXFileReference; lastKnownFileType = folder.assetcatalog; path = Assets.xcassets; sourceTree = "<group>"; };
		6C6BD0C61C11326E0013925E /* Base */ = {isa = PBXFileReference; lastKnownFileType = file.storyboard; name = Base; path = Base.lproj/LaunchScreen.storyboard; sourceTree = "<group>"; };
		6C6BD0C81C11326E0013925E /* Info.plist */ = {isa = PBXFileReference; lastKnownFileType = text.plist.xml; path = Info.plist; sourceTree = "<group>"; };
		6C6BD0CD1C11326E0013925E /* UIDynamic-in-QZoneTests.xctest */ = {isa = PBXFileReference; explicitFileType = wrapper.cfbundle; includeInIndex = 0; path = "UIDynamic-in-QZoneTests.xctest"; sourceTree = BUILT_PRODUCTS_DIR; };
		6C6BD0D11C11326E0013925E /* UIDynamic_in_QZoneTests.m */ = {isa = PBXFileReference; lastKnownFileType = sourcecode.c.objc; path = UIDynamic_in_QZoneTests.m; sourceTree = "<group>"; };
		6C6BD0D31C11326E0013925E /* Info.plist */ = {isa = PBXFileReference; lastKnownFileType = text.plist.xml; path = Info.plist; sourceTree = "<group>"; };
		6C6BD0D81C11326E0013925E /* UIDynamic-in-QZoneUITests.xctest */ = {isa = PBXFileReference; explicitFileType = wrapper.cfbundle; includeInIndex = 0; path = "UIDynamic-in-QZoneUITests.xctest"; sourceTree = BUILT_PRODUCTS_DIR; };
		6C6BD0DC1C11326E0013925E /* UIDynamic_in_QZoneUITests.m */ = {isa = PBXFileReference; lastKnownFileType = sourcecode.c.objc; path = UIDynamic_in_QZoneUITests.m; sourceTree = "<group>"; };
		6C6BD0DE1C11326E0013925E /* Info.plist */ = {isa = PBXFileReference; lastKnownFileType = text.plist.xml; path = Info.plist; sourceTree = "<group>"; };
/* End PBXFileReference section */

/* Begin PBXFrameworksBuildPhase section */
		6C6BD0B11C11326E0013925E /* Frameworks */ = {
			isa = PBXFrameworksBuildPhase;
			buildActionMask = 2147483647;
			files = (
			);
			runOnlyForDeploymentPostprocessing = 0;
		};
		6C6BD0CA1C11326E0013925E /* Frameworks */ = {
			isa = PBXFrameworksBuildPhase;
			buildActionMask = 2147483647;
			files = (
			);
			runOnlyForDeploymentPostprocessing = 0;
		};
		6C6BD0D51C11326E0013925E /* Frameworks */ = {
			isa = PBXFrameworksBuildPhase;
			buildActionMask = 2147483647;
			files = (
			);
			runOnlyForDeploymentPostprocessing = 0;
		};
/* End PBXFrameworksBuildPhase section */

/* Begin PBXGroup section */
		6C6BD0AB1C11326E0013925E = {
			isa = PBXGroup;
			children = (
				6C6BD0B61C11326E0013925E /* UIDynamic-in-QZone */,
				6C6BD0D01C11326E0013925E /* UIDynamic-in-QZoneTests */,
				6C6BD0DB1C11326E0013925E /* UIDynamic-in-QZoneUITests */,
				6C6BD0B51C11326E0013925E /* Products */,
			);
			sourceTree = "<group>";
		};
		6C6BD0B51C11326E0013925E /* Products */ = {
			isa = PBXGroup;
			children = (
				6C6BD0B41C11326E0013925E /* UIDynamic-in-QZone.app */,
				6C6BD0CD1C11326E0013925E /* UIDynamic-in-QZoneTests.xctest */,
				6C6BD0D81C11326E0013925E /* UIDynamic-in-QZoneUITests.xctest */,
			);
			name = Products;
			sourceTree = "<group>";
		};
		6C6BD0B61C11326E0013925E /* UIDynamic-in-QZone */ = {
			isa = PBXGroup;
			children = (
				6C6BD0BA1C11326E0013925E /* AppDelegate.h */,
				6C6BD0BB1C11326E0013925E /* AppDelegate.m */,
				6C6BD0BD1C11326E0013925E /* ViewController.h */,
				6C6BD0BE1C11326E0013925E /* ViewController.m */,
				6C6BD0C01C11326E0013925E /* Main.storyboard */,
				6C6BD0C31C11326E0013925E /* Assets.xcassets */,
				6C6BD0C51C11326E0013925E /* LaunchScreen.storyboard */,
				6C6BD0C81C11326E0013925E /* Info.plist */,
				6C6BD0B71C11326E0013925E /* Supporting Files */,
			);
			path = "UIDynamic-in-QZone";
			sourceTree = "<group>";
		};
		6C6BD0B71C11326E0013925E /* Supporting Files */ = {
			isa = PBXGroup;
			children = (
				6C6BD0B81C11326E0013925E /* main.m */,
			);
			name = "Supporting Files";
			sourceTree = "<group>";
		};
		6C6BD0D01C11326E0013925E /* UIDynamic-in-QZoneTests */ = {
			isa = PBXGroup;
			children = (
				6C6BD0D11C11326E0013925E /* UIDynamic_in_QZoneTests.m */,
				6C6BD0D31C11326E0013925E /* Info.plist */,
			);
			path = "UIDynamic-in-QZoneTests";
			sourceTree = "<group>";
		};
		6C6BD0DB1C11326E0013925E /* UIDynamic-in-QZoneUITests */ = {
			isa = PBXGroup;
			children = (
				6C6BD0DC1C11326E0013925E /* UIDynamic_in_QZoneUITests.m */,
				6C6BD0DE1C11326E0013925E /* Info.plist */,
			);
			path = "UIDynamic-in-QZoneUITests";
			sourceTree = "<group>";
		};
/* End PBXGroup section */

/* Begin PBXNativeTarget section */
		6C6BD0B31C11326E0013925E /* UIDynamic-in-QZone */ = {
			isa = PBXNativeTarget;
			buildConfigurationList = 6C6BD0E11C11326F0013925E /* Build configuration list for PBXNativeTarget "UIDynamic-in-QZone" */;
			buildPhases = (
				6C6BD0B01C11326E0013925E /* Sources */,
				6C6BD0B11C11326E0013925E /* Frameworks */,
				6C6BD0B21C11326E0013925E /* Resources */,
			);
			buildRules = (
			);
			dependencies = (
			);
			name = "UIDynamic-in-QZone";
			productName = "UIDynamic-in-QZone";
			productReference = 6C6BD0B41C11326E0013925E /* UIDynamic-in-QZone.app */;
			productType = "com.apple.product-type.application";
		};
		6C6BD0CC1C11326E0013925E /* UIDynamic-in-QZoneTests */ = {
			isa = PBXNativeTarget;
			buildConfigurationList = 6C6BD0E41C11326F0013925E /* Build configuration list for PBXNativeTarget "UIDynamic-in-QZoneTests" */;
			buildPhases = (
				6C6BD0C91C11326E0013925E /* Sources */,
				6C6BD0CA1C11326E0013925E /* Frameworks */,
				6C6BD0CB1C11326E0013925E /* Resources */,
			);
			buildRules = (
			);
			dependencies = (
				6C6BD0CF1C11326E0013925E /* PBXTargetDependency */,
			);
			name = "UIDynamic-in-QZoneTests";
			productName = "UIDynamic-in-QZoneTests";
			productReference = 6C6BD0CD1C11326E0013925E /* UIDynamic-in-QZoneTests.xctest */;
			productType = "com.apple.product-type.bundle.unit-test";
		};
		6C6BD0D71C11326E0013925E /* UIDynamic-in-QZoneUITests */ = {
			isa = PBXNativeTarget;
			buildConfigurationList = 6C6BD0E71C11326F0013925E /* Build configuration list for PBXNativeTarget "UIDynamic-in-QZoneUITests" */;
			buildPhases = (
				6C6BD0D41C11326E0013925E /* Sources */,
				6C6BD0D51C11326E0013925E /* Frameworks */,
				6C6BD0D61C11326E0013925E /* Resources */,
			);
			buildRules = (
			);
			dependencies = (
				6C6BD0DA1C11326E0013925E /* PBXTargetDependency */,
			);
			name = "UIDynamic-in-QZoneUITests";
			productName = "UIDynamic-in-QZoneUITests";
			productReference = 6C6BD0D81C11326E0013925E /* UIDynamic-in-QZoneUITests.xctest */;
			productType = "com.apple.product-type.bundle.ui-testing";
		};
/* End PBXNativeTarget section */

/* Begin PBXProject section */
		6C6BD0AC1C11326E0013925E /* Project object */ = {
			isa = PBXProject;
			attributes = {
				LastUpgradeCheck = 0710;
				ORGANIZATIONNAME = "光";
				TargetAttributes = {
					6C6BD0B31C11326E0013925E = {
						CreatedOnToolsVersion = 7.1.1;
					};
					6C6BD0CC1C11326E0013925E = {
						CreatedOnToolsVersion = 7.1.1;
						TestTargetID = 6C6BD0B31C11326E0013925E;
					};
					6C6BD0D71C11326E0013925E = {
						CreatedOnToolsVersion = 7.1.1;
						TestTargetID = 6C6BD0B31C11326E0013925E;
					};
				};
			};
			buildConfigurationList = 6C6BD0AF1C11326E0013925E /* Build configuration list for PBXProject "UIDynamic-in-QZone" */;
			compatibilityVersion = "Xcode 3.2";
			developmentRegion = English;
			hasScannedForEncodings = 0;
			knownRegions = (
				en,
				Base,
			);
			mainGroup = 6C6BD0AB1C11326E0013925E;
			productRefGroup = 6C6BD0B51C11326E0013925E /* Products */;
			projectDirPath = "";
			projectRoot = "";
			targets = (
				6C6BD0B31C11326E0013925E /* UIDynamic-in-QZone */,
				6C6BD0CC1C11326E0013925E /* UIDynamic-in-QZoneTests */,
				6C6BD0D71C11326E0013925E /* UIDynamic-in-QZoneUITests */,
			);
		};
/* End PBXProject section */

/* Begin PBXResourcesBuildPhase section */
		6C6BD0B21C11326E0013925E /* Resources */ = {
			isa = PBXResourcesBuildPhase;
			buildActionMask = 2147483647;
			files = (
				6C6BD0C71C11326E0013925E /* LaunchScreen.storyboard in Resources */,
				6C6BD0C41C11326E0013925E /* Assets.xcassets in Resources */,
				6C6BD0C21C11326E0013925E /* Main.storyboard in Resources */,
			);
			runOnlyForDeploymentPostprocessing = 0;
		};
		6C6BD0CB1C11326E0013925E /* Resources */ = {
			isa = PBXResourcesBuildPhase;
			buildActionMask = 2147483647;
			files = (
			);
			runOnlyForDeploymentPostprocessing = 0;
		};
		6C6BD0D61C11326E0013925E /* Resources */ = {
			isa = PBXResourcesBuildPhase;
			buildActionMask = 2147483647;
			files = (
			);
			runOnlyForDeploymentPostprocessing = 0;
		};
/* End PBXResourcesBuildPhase section */

/* Begin PBXSourcesBuildPhase section */
		6C6BD0B01C11326E0013925E /* Sources */ = {
			isa = PBXSourcesBuildPhase;
			buildActionMask = 2147483647;
			files = (
				6C6BD0BF1C11326E0013925E /* ViewController.m in Sources */,
				6C6BD0BC1C11326E0013925E /* AppDelegate.m in Sources */,
				6C6BD0B91C11326E0013925E /* main.m in Sources */,
			);
			runOnlyForDeploymentPostprocessing = 0;
		};
		6C6BD0C91C11326E0013925E /* Sources */ = {
			isa = PBXSourcesBuildPhase;
			buildActionMask = 2147483647;
			files = (
				6C6BD0D21C11326E0013925E /* UIDynamic_in_QZoneTests.m in Sources */,
			);
			runOnlyForDeploymentPostprocessing = 0;
		};
		6C6BD0D41C11326E0013925E /* Sources */ = {
			isa = PBXSourcesBuildPhase;
			buildActionMask = 2147483647;
			files = (
				6C6BD0DD1C11326E0013925E /* UIDynamic_in_QZoneUITests.m in Sources */,
			);
			runOnlyForDeploymentPostprocessing = 0;
		};
/* End PBXSourcesBuildPhase section */

/* Begin PBXTargetDependency section */
		6C6BD0CF1C11326E0013925E /* PBXTargetDependency */ = {
			isa = PBXTargetDependency;
			target = 6C6BD0B31C11326E0013925E /* UIDynamic-in-QZone */;
			targetProxy = 6C6BD0CE1C11326E0013925E /* PBXContainerItemProxy */;
		};
		6C6BD0DA1C11326E0013925E /* PBXTargetDependency */ = {
			isa = PBXTargetDependency;
			target = 6C6BD0B31C11326E0013925E /* UIDynamic-in-QZone */;
			targetProxy = 6C6BD0D91C11326E0013925E /* PBXContainerItemProxy */;
		};
/* End PBXTargetDependency section */

/* Begin PBXVariantGroup section */
		6C6BD0C01C11326E0013925E /* Main.storyboard */ = {
			isa = PBXVariantGroup;
			children = (
				6C6BD0C11C11326E0013925E /* Base */,
			);
			name = Main.storyboard;
			sourceTree = "<group>";
		};
		6C6BD0C51C11326E0013925E /* LaunchScreen.storyboard */ = {
			isa = PBXVariantGroup;
			children = (
				6C6BD0C61C11326E0013925E /* Base */,
			);
			name = LaunchScreen.storyboard;
			sourceTree = "<group>";
		};
/* End PBXVariantGroup section */

/* Begin XCBuildConfiguration section */
		6C6BD0DF1C11326F0013925E /* Debug */ = {
			isa = XCBuildConfiguration;
			buildSettings = {
				ALWAYS_SEARCH_USER_PATHS = NO;
				CLANG_CXX_LANGUAGE_STANDARD = "gnu++0x";
				CLANG_CXX_LIBRARY = "libc++";
				CLANG_ENABLE_MODULES = YES;
				CLANG_ENABLE_OBJC_ARC = YES;
				CLANG_WARN_BOOL_CONVERSION = YES;
				CLANG_WARN_CONSTANT_CONVERSION = YES;
				CLANG_WARN_DIRECT_OBJC_ISA_USAGE = YES_ERROR;
				CLANG_WARN_EMPTY_BODY = YES;
				CLANG_WARN_ENUM_CONVERSION = YES;
				CLANG_WARN_INT_CONVERSION = YES;
				CLANG_WARN_OBJC_ROOT_CLASS = YES_ERROR;
				CLANG_WARN_UNREACHABLE_CODE = YES;
				CLANG_WARN__DUPLICATE_METHOD_MATCH = YES;
				"CODE_SIGN_IDENTITY[sdk=iphoneos*]" = "iPhone Developer";
				COPY_PHASE_STRIP = NO;
				DEBUG_INFORMATION_FORMAT = dwarf;
				ENABLE_STRICT_OBJC_MSGSEND = YES;
				ENABLE_TESTABILITY = YES;
				GCC_C_LANGUAGE_STANDARD = gnu99;
				GCC_DYNAMIC_NO_PIC = NO;
				GCC_NO_COMMON_BLOCKS = YES;
				GCC_OPTIMIZATION_LEVEL = 0;
				GCC_PREPROCESSOR_DEFINITIONS = (
					"DEBUG=1",
					"$(inherited)",
				);
				GCC_WARN_64_TO_32_BIT_CONVERSION = YES;
				GCC_WARN_ABOUT_RETURN_TYPE = YES_ERROR;
				GCC_WARN_UNDECLARED_SELECTOR = YES;
				GCC_WARN_UNINITIALIZED_AUTOS = YES_AGGRESSIVE;
				GCC_WARN_UNUSED_FUNCTION = YES;
				GCC_WARN_UNUSED_VARIABLE = YES;
				IPHONEOS_DEPLOYMENT_TARGET = 9.1;
				MTL_ENABLE_DEBUG_INFO = YES;
				ONLY_ACTIVE_ARCH = YES;
				SDKROOT = iphoneos;
				TARGETED_DEVICE_FAMILY = "1,2";
			};
			name = Debug;
		};
		6C6BD0E01C11326F0013925E /* Release */ = {
			isa = XCBuildConfiguration;
			buildSettings = {
				ALWAYS_SEARCH_USER_PATHS = NO;
				CLANG_CXX_LANGUAGE_STANDARD = "gnu++0x";
				CLANG_CXX_LIBRARY = "libc++";
				CLANG_ENABLE_MODULES = YES;
				CLANG_ENABLE_OBJC_ARC = YES;
				CLANG_WARN_BOOL_CONVERSION = YES;
				CLANG_WARN_CONSTANT_CONVERSION = YES;
				CLANG_WARN_DIRECT_OBJC_ISA_USAGE = YES_ERROR;
				CLANG_WARN_EMPTY_BODY = YES;
				CLANG_WARN_ENUM_CONVERSION = YES;
				CLANG_WARN_INT_CONVERSION = YES;
				CLANG_WARN_OBJC_ROOT_CLASS = YES_ERROR;
				CLANG_WARN_UNREACHABLE_CODE = YES;
				CLANG_WARN__DUPLICATE_METHOD_MATCH = YES;
				"CODE_SIGN_IDENTITY[sdk=iphoneos*]" = "iPhone Developer";
				COPY_PHASE_STRIP = NO;
				DEBUG_INFORMATION_FORMAT = "dwarf-with-dsym";
				ENABLE_NS_ASSERTIONS = NO;
				ENABLE_STRICT_OBJC_MSGSEND = YES;
				GCC_C_LANGUAGE_STANDARD = gnu99;
				GCC_NO_COMMON_BLOCKS = YES;
				GCC_WARN_64_TO_32_BIT_CONVERSION = YES;
				GCC_WARN_ABOUT_RETURN_TYPE = YES_ERROR;
				GCC_WARN_UNDECLARED_SELECTOR = YES;
				GCC_WARN_UNINITIALIZED_AUTOS = YES_AGGRESSIVE;
				GCC_WARN_UNUSED_FUNCTION = YES;
				GCC_WARN_UNUSED_VARIABLE = YES;
				IPHONEOS_DEPLOYMENT_TARGET = 9.1;
				MTL_ENABLE_DEBUG_INFO = NO;
				SDKROOT = iphoneos;
				TARGETED_DEVICE_FAMILY = "1,2";
				VALIDATE_PRODUCT = YES;
			};
			name = Release;
		};
		6C6BD0E21C11326F0013925E /* Debug */ = {
			isa = XCBuildConfiguration;
			buildSettings = {
				ASSETCATALOG_COMPILER_APPICON_NAME = AppIcon;
				INFOPLIST_FILE = "UIDynamic-in-QZone/Info.plist";
				LD_RUNPATH_SEARCH_PATHS = "$(inherited) @executable_path/Frameworks";
				PRODUCT_BUNDLE_IDENTIFIER = "com.guang.www.UIDynamic-in-QZone";
				PRODUCT_NAME = "$(TARGET_NAME)";
			};
			name = Debug;
		};
		6C6BD0E31C11326F0013925E /* Release */ = {
			isa = XCBuildConfiguration;
			buildSettings = {
				ASSETCATALOG_COMPILER_APPICON_NAME = AppIcon;
				INFOPLIST_FILE = "UIDynamic-in-QZone/Info.plist";
				LD_RUNPATH_SEARCH_PATHS = "$(inherited) @executable_path/Frameworks";
				PRODUCT_BUNDLE_IDENTIFIER = "com.guang.www.UIDynamic-in-QZone";
				PRODUCT_NAME = "$(TARGET_NAME)";
			};
			name = Release;
		};
		6C6BD0E51C11326F0013925E /* Debug */ = {
			isa = XCBuildConfiguration;
			buildSettings = {
				BUNDLE_LOADER = "$(TEST_HOST)";
				INFOPLIST_FILE = "UIDynamic-in-QZoneTests/Info.plist";
				LD_RUNPATH_SEARCH_PATHS = "$(inherited) @executable_path/Frameworks @loader_path/Frameworks";
				PRODUCT_BUNDLE_IDENTIFIER = "com.guang.www.UIDynamic-in-QZoneTests";
				PRODUCT_NAME = "$(TARGET_NAME)";
				TEST_HOST = "$(BUILT_PRODUCTS_DIR)/UIDynamic-in-QZone.app/UIDynamic-in-QZone";
			};
			name = Debug;
		};
		6C6BD0E61C11326F0013925E /* Release */ = {
			isa = XCBuildConfiguration;
			buildSettings = {
				BUNDLE_LOADER = "$(TEST_HOST)";
				INFOPLIST_FILE = "UIDynamic-in-QZoneTests/Info.plist";
				LD_RUNPATH_SEARCH_PATHS = "$(inherited) @executable_path/Frameworks @loader_path/Frameworks";
				PRODUCT_BUNDLE_IDENTIFIER = "com.guang.www.UIDynamic-in-QZoneTests";
				PRODUCT_NAME = "$(TARGET_NAME)";
				TEST_HOST = "$(BUILT_PRODUCTS_DIR)/UIDynamic-in-QZone.app/UIDynamic-in-QZone";
			};
			name = Release;
		};
		6C6BD0E81C11326F0013925E /* Debug */ = {
			isa = XCBuildConfiguration;
			buildSettings = {
				INFOPLIST_FILE = "UIDynamic-in-QZoneUITests/Info.plist";
				LD_RUNPATH_SEARCH_PATHS = "$(inherited) @executable_path/Frameworks @loader_path/Frameworks";
				PRODUCT_BUNDLE_IDENTIFIER = "com.guang.www.UIDynamic-in-QZoneUITests";
				PRODUCT_NAME = "$(TARGET_NAME)";
				TEST_TARGET_NAME = "UIDynamic-in-QZone";
				USES_XCTRUNNER = YES;
			};
			name = Debug;
		};
		6C6BD0E91C11326F0013925E /* Release */ = {
			isa = XCBuildConfiguration;
			buildSettings = {
				INFOPLIST_FILE = "UIDynamic-in-QZoneUITests/Info.plist";
				LD_RUNPATH_SEARCH_PATHS = "$(inherited) @executable_path/Frameworks @loader_path/Frameworks";
				PRODUCT_BUNDLE_IDENTIFIER = "com.guang.www.UIDynamic-in-QZoneUITests";
				PRODUCT_NAME = "$(TARGET_NAME)";
				TEST_TARGET_NAME = "UIDynamic-in-QZone";
				USES_XCTRUNNER = YES;
			};
			name = Release;
		};
/* End XCBuildConfiguration section */

/* Begin XCConfigurationList section */
		6C6BD0AF1C11326E0013925E /* Build configuration list for PBXProject "UIDynamic-in-QZone" */ = {
			isa = XCConfigurationList;
			buildConfigurations = (
				6C6BD0DF1C11326F0013925E /* Debug */,
				6C6BD0E01C11326F0013925E /* Release */,
			);
			defaultConfigurationIsVisible = 0;
			defaultConfigurationName = Release;
		};
		6C6BD0E11C11326F0013925E /* Build configuration list for PBXNativeTarget "UIDynamic-in-QZone" */ = {
			isa = XCConfigurationList;
			buildConfigurations = (
				6C6BD0E21C11326F0013925E /* Debug */,
				6C6BD0E31C11326F0013925E /* Release */,
			);
			defaultConfigurationIsVisible = 0;
		};
		6C6BD0E41C11326F0013925E /* Build configuration list for PBXNativeTarget "UIDynamic-in-QZoneTests" */ = {
			isa = XCConfigurationList;
			buildConfigurations = (
				6C6BD0E51C11326F0013925E /* Debug */,
				6C6BD0E61C11326F0013925E /* Release */,
			);
			defaultConfigurationIsVisible = 0;
		};
		6C6BD0E71C11326F0013925E /* Build configuration list for PBXNativeTarget "UIDynamic-in-QZoneUITests" */ = {
			isa = XCConfigurationList;
			buildConfigurations = (
				6C6BD0E81C11326F0013925E /* Debug */,
				6C6BD0E91C11326F0013925E /* Release */,
			);
			defaultConfigurationIsVisible = 0;
		};
/* End XCConfigurationList section */
	};
	rootObject = 6C6BD0AC1C11326E0013925E /* Project object */;
}
